// !$*UTF8*$!
{
	archiveVersion = 1;
	classes = {
	};
	objectVersion = 46;
	objects = {

/* Begin PBXAggregateTarget section */
		FE77399B191C5F810017A270 /* Mogenerator */ = {
			isa = PBXAggregateTarget;
			buildConfigurationList = FE77399C191C5F810017A270 /* Build configuration list for PBXAggregateTarget "Mogenerator" */;
			buildPhases = (
				FE77399F191C5F9B0017A270 /* ShellScript */,
			);
			dependencies = (
			);
			name = Mogenerator;
			productName = Mogenerator;
		};
/* End PBXAggregateTarget section */

/* Begin PBXBuildFile section */
		FE48E90E191C1FF500F892CD /* Foundation.framework in Frameworks */ = {isa = PBXBuildFile; fileRef = FE48E90D191C1FF500F892CD /* Foundation.framework */; };
		FE48E910191C1FF500F892CD /* CoreGraphics.framework in Frameworks */ = {isa = PBXBuildFile; fileRef = FE48E90F191C1FF500F892CD /* CoreGraphics.framework */; };
		FE48E912191C1FF500F892CD /* UIKit.framework in Frameworks */ = {isa = PBXBuildFile; fileRef = FE48E911191C1FF500F892CD /* UIKit.framework */; };
		FE48E918191C1FF500F892CD /* InfoPlist.strings in Resources */ = {isa = PBXBuildFile; fileRef = FE48E916191C1FF500F892CD /* InfoPlist.strings */; };
		FE48E91A191C1FF600F892CD /* main.m in Sources */ = {isa = PBXBuildFile; fileRef = FE48E919191C1FF600F892CD /* main.m */; };
		FE48E91E191C1FF600F892CD /* LLAppDelegate.m in Sources */ = {isa = PBXBuildFile; fileRef = FE48E91D191C1FF600F892CD /* LLAppDelegate.m */; };
		FE48E921191C1FF600F892CD /* Main.storyboard in Resources */ = {isa = PBXBuildFile; fileRef = FE48E91F191C1FF600F892CD /* Main.storyboard */; };
		FE48E926191C1FF600F892CD /* Images.xcassets in Resources */ = {isa = PBXBuildFile; fileRef = FE48E925191C1FF600F892CD /* Images.xcassets */; };
		FE48E92D191C1FF600F892CD /* XCTest.framework in Frameworks */ = {isa = PBXBuildFile; fileRef = FE48E92C191C1FF600F892CD /* XCTest.framework */; };
		FE48E92E191C1FF600F892CD /* Foundation.framework in Frameworks */ = {isa = PBXBuildFile; fileRef = FE48E90D191C1FF500F892CD /* Foundation.framework */; };
		FE48E92F191C1FF600F892CD /* UIKit.framework in Frameworks */ = {isa = PBXBuildFile; fileRef = FE48E911191C1FF500F892CD /* UIKit.framework */; };
		FE48E937191C1FF600F892CD /* InfoPlist.strings in Resources */ = {isa = PBXBuildFile; fileRef = FE48E935191C1FF600F892CD /* InfoPlist.strings */; };
		FE48E939191C1FF600F892CD /* Werewolf_CompanionTests.m in Sources */ = {isa = PBXBuildFile; fileRef = FE48E938191C1FF600F892CD /* Werewolf_CompanionTests.m */; };
		FE48E945191C212700F892CD /* iCarousel.m in Sources */ = {isa = PBXBuildFile; fileRef = FE48E944191C212700F892CD /* iCarousel.m */; };
		FE48E94A191C214A00F892CD /* TTCounterLabel.m in Sources */ = {isa = PBXBuildFile; fileRef = FE48E947191C214A00F892CD /* TTCounterLabel.m */; };
		FE48E94B191C214A00F892CD /* TTTAttributedLabel.m in Sources */ = {isa = PBXBuildFile; fileRef = FE48E949191C214A00F892CD /* TTTAttributedLabel.m */; };
		FE48E950191C215C00F892CD /* CRBubble.m in Sources */ = {isa = PBXBuildFile; fileRef = FE48E94D191C215C00F892CD /* CRBubble.m */; };
		FE48E951191C215C00F892CD /* CRProductTour.m in Sources */ = {isa = PBXBuildFile; fileRef = FE48E94F191C215C00F892CD /* CRProductTour.m */; };
		FE48E956191C21B000F892CD /* LLMainViewController.m in Sources */ = {isa = PBXBuildFile; fileRef = FE48E955191C21B000F892CD /* LLMainViewController.m */; };
		FE48E959191C220A00F892CD /* LLTitleViewController.m in Sources */ = {isa = PBXBuildFile; fileRef = FE48E958191C220A00F892CD /* LLTitleViewController.m */; };
		FE48E95C191C226700F892CD /* LLSettingsViewController.m in Sources */ = {isa = PBXBuildFile; fileRef = FE48E95B191C226700F892CD /* LLSettingsViewController.m */; };
		FE4E94CA191C64D000FE2AA1 /* _GameSetup.m in Sources */ = {isa = PBXBuildFile; fileRef = FE4E94C3191C64D000FE2AA1 /* _GameSetup.m */; };
		FE4E94CB191C64D000FE2AA1 /* _Player.m in Sources */ = {isa = PBXBuildFile; fileRef = FE4E94C5191C64D000FE2AA1 /* _Player.m */; };
		FE4E94CC191C64D000FE2AA1 /* GameSetup.m in Sources */ = {isa = PBXBuildFile; fileRef = FE4E94C7191C64D000FE2AA1 /* GameSetup.m */; };
		FE4E94CD191C64D000FE2AA1 /* Player.m in Sources */ = {isa = PBXBuildFile; fileRef = FE4E94C9191C64D000FE2AA1 /* Player.m */; };
		FE4E94D1191C6A1C00FE2AA1 /* LLConstants.m in Sources */ = {isa = PBXBuildFile; fileRef = FE4E94D0191C6A1C00FE2AA1 /* LLConstants.m */; };
		FE4E94D4191D92D400FE2AA1 /* LLCreateGameViewController.m in Sources */ = {isa = PBXBuildFile; fileRef = FE4E94D3191D92D400FE2AA1 /* LLCreateGameViewController.m */; };
		FE4E94D7191D94E500FE2AA1 /* LLStepperTableViewCell.m in Sources */ = {isa = PBXBuildFile; fileRef = FE4E94D6191D94E500FE2AA1 /* LLStepperTableViewCell.m */; };
		FE4E94DA191D9C1400FE2AA1 /* NSManagedObject+DeepCopying.m in Sources */ = {isa = PBXBuildFile; fileRef = FE4E94D9191D9C1400FE2AA1 /* NSManagedObject+DeepCopying.m */; };
		FE4E94DD191DAF6100FE2AA1 /* LLGameViewController.m in Sources */ = {isa = PBXBuildFile; fileRef = FE4E94DC191DAF6100FE2AA1 /* LLGameViewController.m */; };
		FE4E94E1191DB00A00FE2AA1 /* Game.m in Sources */ = {isa = PBXBuildFile; fileRef = FE4E94E0191DB00A00FE2AA1 /* Game.m */; };
		FE4E94E7191DBA7600FE2AA1 /* UIAlertView+Blocks.m in Sources */ = {isa = PBXBuildFile; fileRef = FE4E94E6191DBA7600FE2AA1 /* UIAlertView+Blocks.m */; };
		FE4E94EE191DBE9000FE2AA1 /* LLAlphaView.m in Sources */ = {isa = PBXBuildFile; fileRef = FE4E94ED191DBE9000FE2AA1 /* LLAlphaView.m */; };
		FE4E94F1191DBF9600FE2AA1 /* LLCarouselController.m in Sources */ = {isa = PBXBuildFile; fileRef = FE4E94F0191DBF9600FE2AA1 /* LLCarouselController.m */; };
		FE4E94F7191DC1A200FE2AA1 /* LLTimerViewController.m in Sources */ = {isa = PBXBuildFile; fileRef = FE4E94F6191DC1A200FE2AA1 /* LLTimerViewController.m */; };
		FE4E950B191DC6BB00FE2AA1 /* Assassin.m in Sources */ = {isa = PBXBuildFile; fileRef = FE4E94FA191DC6BB00FE2AA1 /* Assassin.m */; };
		FE4E950C191DC6BB00FE2AA1 /* Hunter.m in Sources */ = {isa = PBXBuildFile; fileRef = FE4E94FC191DC6BB00FE2AA1 /* Hunter.m */; };
		FE4E950D191DC6BB00FE2AA1 /* Minion.m in Sources */ = {isa = PBXBuildFile; fileRef = FE4E94FE191DC6BB00FE2AA1 /* Minion.m */; };
		FE4E950E191DC6BB00FE2AA1 /* Priest.m in Sources */ = {isa = PBXBuildFile; fileRef = FE4E9500191DC6BB00FE2AA1 /* Priest.m */; };
		FE4E950F191DC6BB00FE2AA1 /* Role.m in Sources */ = {isa = PBXBuildFile; fileRef = FE4E9502191DC6BB00FE2AA1 /* Role.m */; };
		FE4E9510191DC6BB00FE2AA1 /* Seer.m in Sources */ = {isa = PBXBuildFile; fileRef = FE4E9504191DC6BB00FE2AA1 /* Seer.m */; };
		FE4E9511191DC6BB00FE2AA1 /* Vigilante.m in Sources */ = {isa = PBXBuildFile; fileRef = FE4E9506191DC6BB00FE2AA1 /* Vigilante.m */; };
		FE4E9512191DC6BB00FE2AA1 /* Villager.m in Sources */ = {isa = PBXBuildFile; fileRef = FE4E9508191DC6BB00FE2AA1 /* Villager.m */; };
		FE4E9513191DC6BB00FE2AA1 /* Werewolf.m in Sources */ = {isa = PBXBuildFile; fileRef = FE4E950A191DC6BB00FE2AA1 /* Werewolf.m */; };
		FE77398C191C22AD0017A270 /* LLRulesViewController.m in Sources */ = {isa = PBXBuildFile; fileRef = FE77398B191C22AD0017A270 /* LLRulesViewController.m */; };
		FE773992191C238A0017A270 /* LLLoadSetupViewController.m in Sources */ = {isa = PBXBuildFile; fileRef = FE773991191C238A0017A270 /* LLLoadSetupViewController.m */; };
		FE773996191C2D840017A270 /* Model.xcdatamodeld in Sources */ = {isa = PBXBuildFile; fileRef = FE773994191C2D840017A270 /* Model.xcdatamodeld */; };
		FE77399A191C5DFD0017A270 /* AppDelegate+CoreDataContext.m in Sources */ = {isa = PBXBuildFile; fileRef = FE773999191C5DFD0017A270 /* AppDelegate+CoreDataContext.m */; };
/* End PBXBuildFile section */

/* Begin PBXContainerItemProxy section */
		FE48E930191C1FF600F892CD /* PBXContainerItemProxy */ = {
			isa = PBXContainerItemProxy;
			containerPortal = FE48E902191C1FF500F892CD /* Project object */;
			proxyType = 1;
			remoteGlobalIDString = FE48E909191C1FF500F892CD;
			remoteInfo = "Werewolf Companion";
		};
		FE4E94C0191C619F00FE2AA1 /* PBXContainerItemProxy */ = {
			isa = PBXContainerItemProxy;
			containerPortal = FE48E902191C1FF500F892CD /* Project object */;
			proxyType = 1;
			remoteGlobalIDString = FE77399B191C5F810017A270;
			remoteInfo = Mogenerator;
		};
/* End PBXContainerItemProxy section */

/* Begin PBXFileReference section */
		FE48E90A191C1FF500F892CD /* Werewolf Companion.app */ = {isa = PBXFileReference; explicitFileType = wrapper.application; includeInIndex = 0; path = "Werewolf Companion.app"; sourceTree = BUILT_PRODUCTS_DIR; };
		FE48E90D191C1FF500F892CD /* Foundation.framework */ = {isa = PBXFileReference; lastKnownFileType = wrapper.framework; name = Foundation.framework; path = System/Library/Frameworks/Foundation.framework; sourceTree = SDKROOT; };
		FE48E90F191C1FF500F892CD /* CoreGraphics.framework */ = {isa = PBXFileReference; lastKnownFileType = wrapper.framework; name = CoreGraphics.framework; path = System/Library/Frameworks/CoreGraphics.framework; sourceTree = SDKROOT; };
		FE48E911191C1FF500F892CD /* UIKit.framework */ = {isa = PBXFileReference; lastKnownFileType = wrapper.framework; name = UIKit.framework; path = System/Library/Frameworks/UIKit.framework; sourceTree = SDKROOT; };
		FE48E915191C1FF500F892CD /* Werewolf Companion-Info.plist */ = {isa = PBXFileReference; lastKnownFileType = text.plist.xml; path = "Werewolf Companion-Info.plist"; sourceTree = "<group>"; };
		FE48E917191C1FF500F892CD /* en */ = {isa = PBXFileReference; lastKnownFileType = text.plist.strings; name = en; path = en.lproj/InfoPlist.strings; sourceTree = "<group>"; };
		FE48E919191C1FF600F892CD /* main.m */ = {isa = PBXFileReference; lastKnownFileType = sourcecode.c.objc; path = main.m; sourceTree = "<group>"; };
		FE48E91B191C1FF600F892CD /* Werewolf Companion-Prefix.pch */ = {isa = PBXFileReference; lastKnownFileType = sourcecode.c.h; path = "Werewolf Companion-Prefix.pch"; sourceTree = "<group>"; };
		FE48E91C191C1FF600F892CD /* LLAppDelegate.h */ = {isa = PBXFileReference; lastKnownFileType = sourcecode.c.h; path = LLAppDelegate.h; sourceTree = "<group>"; };
		FE48E91D191C1FF600F892CD /* LLAppDelegate.m */ = {isa = PBXFileReference; lastKnownFileType = sourcecode.c.objc; path = LLAppDelegate.m; sourceTree = "<group>"; };
		FE48E920191C1FF600F892CD /* Base */ = {isa = PBXFileReference; lastKnownFileType = file.storyboard; name = Base; path = Base.lproj/Main.storyboard; sourceTree = "<group>"; };
		FE48E925191C1FF600F892CD /* Images.xcassets */ = {isa = PBXFileReference; lastKnownFileType = folder.assetcatalog; path = Images.xcassets; sourceTree = "<group>"; };
		FE48E92B191C1FF600F892CD /* Werewolf CompanionTests.xctest */ = {isa = PBXFileReference; explicitFileType = wrapper.cfbundle; includeInIndex = 0; path = "Werewolf CompanionTests.xctest"; sourceTree = BUILT_PRODUCTS_DIR; };
		FE48E92C191C1FF600F892CD /* XCTest.framework */ = {isa = PBXFileReference; lastKnownFileType = wrapper.framework; name = XCTest.framework; path = Library/Frameworks/XCTest.framework; sourceTree = DEVELOPER_DIR; };
		FE48E934191C1FF600F892CD /* Werewolf CompanionTests-Info.plist */ = {isa = PBXFileReference; lastKnownFileType = text.plist.xml; path = "Werewolf CompanionTests-Info.plist"; sourceTree = "<group>"; };
		FE48E936191C1FF600F892CD /* en */ = {isa = PBXFileReference; lastKnownFileType = text.plist.strings; name = en; path = en.lproj/InfoPlist.strings; sourceTree = "<group>"; };
		FE48E938191C1FF600F892CD /* Werewolf_CompanionTests.m */ = {isa = PBXFileReference; lastKnownFileType = sourcecode.c.objc; path = Werewolf_CompanionTests.m; sourceTree = "<group>"; };
		FE48E943191C212700F892CD /* iCarousel.h */ = {isa = PBXFileReference; fileEncoding = 4; lastKnownFileType = sourcecode.c.h; path = iCarousel.h; sourceTree = "<group>"; };
		FE48E944191C212700F892CD /* iCarousel.m */ = {isa = PBXFileReference; fileEncoding = 4; lastKnownFileType = sourcecode.c.objc; path = iCarousel.m; sourceTree = "<group>"; };
		FE48E946191C214A00F892CD /* TTCounterLabel.h */ = {isa = PBXFileReference; fileEncoding = 4; lastKnownFileType = sourcecode.c.h; path = TTCounterLabel.h; sourceTree = "<group>"; };
		FE48E947191C214A00F892CD /* TTCounterLabel.m */ = {isa = PBXFileReference; fileEncoding = 4; lastKnownFileType = sourcecode.c.objc; path = TTCounterLabel.m; sourceTree = "<group>"; };
		FE48E948191C214A00F892CD /* TTTAttributedLabel.h */ = {isa = PBXFileReference; fileEncoding = 4; lastKnownFileType = sourcecode.c.h; path = TTTAttributedLabel.h; sourceTree = "<group>"; };
		FE48E949191C214A00F892CD /* TTTAttributedLabel.m */ = {isa = PBXFileReference; fileEncoding = 4; lastKnownFileType = sourcecode.c.objc; path = TTTAttributedLabel.m; sourceTree = "<group>"; };
		FE48E94C191C215C00F892CD /* CRBubble.h */ = {isa = PBXFileReference; fileEncoding = 4; lastKnownFileType = sourcecode.c.h; path = CRBubble.h; sourceTree = "<group>"; };
		FE48E94D191C215C00F892CD /* CRBubble.m */ = {isa = PBXFileReference; fileEncoding = 4; lastKnownFileType = sourcecode.c.objc; path = CRBubble.m; sourceTree = "<group>"; };
		FE48E94E191C215C00F892CD /* CRProductTour.h */ = {isa = PBXFileReference; fileEncoding = 4; lastKnownFileType = sourcecode.c.h; path = CRProductTour.h; sourceTree = "<group>"; };
		FE48E94F191C215C00F892CD /* CRProductTour.m */ = {isa = PBXFileReference; fileEncoding = 4; lastKnownFileType = sourcecode.c.objc; path = CRProductTour.m; sourceTree = "<group>"; };
		FE48E954191C21B000F892CD /* LLMainViewController.h */ = {isa = PBXFileReference; fileEncoding = 4; lastKnownFileType = sourcecode.c.h; path = LLMainViewController.h; sourceTree = "<group>"; };
		FE48E955191C21B000F892CD /* LLMainViewController.m */ = {isa = PBXFileReference; fileEncoding = 4; lastKnownFileType = sourcecode.c.objc; path = LLMainViewController.m; sourceTree = "<group>"; };
		FE48E957191C220A00F892CD /* LLTitleViewController.h */ = {isa = PBXFileReference; fileEncoding = 4; lastKnownFileType = sourcecode.c.h; path = LLTitleViewController.h; sourceTree = "<group>"; };
		FE48E958191C220A00F892CD /* LLTitleViewController.m */ = {isa = PBXFileReference; fileEncoding = 4; lastKnownFileType = sourcecode.c.objc; path = LLTitleViewController.m; sourceTree = "<group>"; };
		FE48E95A191C226700F892CD /* LLSettingsViewController.h */ = {isa = PBXFileReference; fileEncoding = 4; lastKnownFileType = sourcecode.c.h; path = LLSettingsViewController.h; sourceTree = "<group>"; };
		FE48E95B191C226700F892CD /* LLSettingsViewController.m */ = {isa = PBXFileReference; fileEncoding = 4; lastKnownFileType = sourcecode.c.objc; path = LLSettingsViewController.m; sourceTree = "<group>"; };
		FE4E94C2191C64D000FE2AA1 /* _GameSetup.h */ = {isa = PBXFileReference; fileEncoding = 4; lastKnownFileType = sourcecode.c.h; name = _GameSetup.h; path = Model/_GameSetup.h; sourceTree = "<group>"; };
		FE4E94C3191C64D000FE2AA1 /* _GameSetup.m */ = {isa = PBXFileReference; fileEncoding = 4; lastKnownFileType = sourcecode.c.objc; name = _GameSetup.m; path = Model/_GameSetup.m; sourceTree = "<group>"; };
		FE4E94C4191C64D000FE2AA1 /* _Player.h */ = {isa = PBXFileReference; fileEncoding = 4; lastKnownFileType = sourcecode.c.h; name = _Player.h; path = Model/_Player.h; sourceTree = "<group>"; };
		FE4E94C5191C64D000FE2AA1 /* _Player.m */ = {isa = PBXFileReference; fileEncoding = 4; lastKnownFileType = sourcecode.c.objc; name = _Player.m; path = Model/_Player.m; sourceTree = "<group>"; };
		FE4E94C6191C64D000FE2AA1 /* GameSetup.h */ = {isa = PBXFileReference; fileEncoding = 4; lastKnownFileType = sourcecode.c.h; name = GameSetup.h; path = Model/GameSetup.h; sourceTree = "<group>"; };
		FE4E94C7191C64D000FE2AA1 /* GameSetup.m */ = {isa = PBXFileReference; fileEncoding = 4; lastKnownFileType = sourcecode.c.objc; name = GameSetup.m; path = Model/GameSetup.m; sourceTree = "<group>"; };
		FE4E94C8191C64D000FE2AA1 /* Player.h */ = {isa = PBXFileReference; fileEncoding = 4; lastKnownFileType = sourcecode.c.h; name = Player.h; path = Model/Player.h; sourceTree = "<group>"; };
		FE4E94C9191C64D000FE2AA1 /* Player.m */ = {isa = PBXFileReference; fileEncoding = 4; lastKnownFileType = sourcecode.c.objc; name = Player.m; path = Model/Player.m; sourceTree = "<group>"; };
		FE4E94CF191C6A1C00FE2AA1 /* LLConstants.h */ = {isa = PBXFileReference; fileEncoding = 4; lastKnownFileType = sourcecode.c.h; path = LLConstants.h; sourceTree = "<group>"; };
		FE4E94D0191C6A1C00FE2AA1 /* LLConstants.m */ = {isa = PBXFileReference; fileEncoding = 4; lastKnownFileType = sourcecode.c.objc; path = LLConstants.m; sourceTree = "<group>"; };
		FE4E94D2191D92D400FE2AA1 /* LLCreateGameViewController.h */ = {isa = PBXFileReference; fileEncoding = 4; lastKnownFileType = sourcecode.c.h; path = LLCreateGameViewController.h; sourceTree = "<group>"; };
		FE4E94D3191D92D400FE2AA1 /* LLCreateGameViewController.m */ = {isa = PBXFileReference; fileEncoding = 4; lastKnownFileType = sourcecode.c.objc; path = LLCreateGameViewController.m; sourceTree = "<group>"; };
		FE4E94D5191D94E500FE2AA1 /* LLStepperTableViewCell.h */ = {isa = PBXFileReference; fileEncoding = 4; lastKnownFileType = sourcecode.c.h; path = LLStepperTableViewCell.h; sourceTree = "<group>"; };
		FE4E94D6191D94E500FE2AA1 /* LLStepperTableViewCell.m */ = {isa = PBXFileReference; fileEncoding = 4; lastKnownFileType = sourcecode.c.objc; path = LLStepperTableViewCell.m; sourceTree = "<group>"; };
		FE4E94D8191D9C1400FE2AA1 /* NSManagedObject+DeepCopying.h */ = {isa = PBXFileReference; fileEncoding = 4; lastKnownFileType = sourcecode.c.h; path = "NSManagedObject+DeepCopying.h"; sourceTree = "<group>"; };
		FE4E94D9191D9C1400FE2AA1 /* NSManagedObject+DeepCopying.m */ = {isa = PBXFileReference; fileEncoding = 4; lastKnownFileType = sourcecode.c.objc; path = "NSManagedObject+DeepCopying.m"; sourceTree = "<group>"; };
		FE4E94DB191DAF6100FE2AA1 /* LLGameViewController.h */ = {isa = PBXFileReference; fileEncoding = 4; lastKnownFileType = sourcecode.c.h; path = LLGameViewController.h; sourceTree = "<group>"; };
		FE4E94DC191DAF6100FE2AA1 /* LLGameViewController.m */ = {isa = PBXFileReference; fileEncoding = 4; lastKnownFileType = sourcecode.c.objc; path = LLGameViewController.m; sourceTree = "<group>"; };
		FE4E94DF191DB00A00FE2AA1 /* Game.h */ = {isa = PBXFileReference; fileEncoding = 4; lastKnownFileType = sourcecode.c.h; path = Game.h; sourceTree = "<group>"; };
		FE4E94E0191DB00A00FE2AA1 /* Game.m */ = {isa = PBXFileReference; fileEncoding = 4; lastKnownFileType = sourcecode.c.objc; path = Game.m; sourceTree = "<group>"; };
		FE4E94E5191DBA7600FE2AA1 /* UIAlertView+Blocks.h */ = {isa = PBXFileReference; fileEncoding = 4; lastKnownFileType = sourcecode.c.h; path = "UIAlertView+Blocks.h"; sourceTree = "<group>"; };
		FE4E94E6191DBA7600FE2AA1 /* UIAlertView+Blocks.m */ = {isa = PBXFileReference; fileEncoding = 4; lastKnownFileType = sourcecode.c.objc; path = "UIAlertView+Blocks.m"; sourceTree = "<group>"; };
		FE4E94EC191DBE9000FE2AA1 /* LLAlphaView.h */ = {isa = PBXFileReference; fileEncoding = 4; lastKnownFileType = sourcecode.c.h; path = LLAlphaView.h; sourceTree = "<group>"; };
		FE4E94ED191DBE9000FE2AA1 /* LLAlphaView.m */ = {isa = PBXFileReference; fileEncoding = 4; lastKnownFileType = sourcecode.c.objc; path = LLAlphaView.m; sourceTree = "<group>"; };
		FE4E94EF191DBF9600FE2AA1 /* LLCarouselController.h */ = {isa = PBXFileReference; fileEncoding = 4; lastKnownFileType = sourcecode.c.h; path = LLCarouselController.h; sourceTree = "<group>"; };
		FE4E94F0191DBF9600FE2AA1 /* LLCarouselController.m */ = {isa = PBXFileReference; fileEncoding = 4; lastKnownFileType = sourcecode.c.objc; path = LLCarouselController.m; sourceTree = "<group>"; };
		FE4E94F5191DC1A200FE2AA1 /* LLTimerViewController.h */ = {isa = PBXFileReference; fileEncoding = 4; lastKnownFileType = sourcecode.c.h; path = LLTimerViewController.h; sourceTree = "<group>"; };
		FE4E94F6191DC1A200FE2AA1 /* LLTimerViewController.m */ = {isa = PBXFileReference; fileEncoding = 4; lastKnownFileType = sourcecode.c.objc; path = LLTimerViewController.m; sourceTree = "<group>"; };
		FE4E94F9191DC6BB00FE2AA1 /* Assassin.h */ = {isa = PBXFileReference; fileEncoding = 4; lastKnownFileType = sourcecode.c.h; path = Assassin.h; sourceTree = "<group>"; };
		FE4E94FA191DC6BB00FE2AA1 /* Assassin.m */ = {isa = PBXFileReference; fileEncoding = 4; lastKnownFileType = sourcecode.c.objc; path = Assassin.m; sourceTree = "<group>"; };
		FE4E94FB191DC6BB00FE2AA1 /* Hunter.h */ = {isa = PBXFileReference; fileEncoding = 4; lastKnownFileType = sourcecode.c.h; path = Hunter.h; sourceTree = "<group>"; };
		FE4E94FC191DC6BB00FE2AA1 /* Hunter.m */ = {isa = PBXFileReference; fileEncoding = 4; lastKnownFileType = sourcecode.c.objc; path = Hunter.m; sourceTree = "<group>"; };
		FE4E94FD191DC6BB00FE2AA1 /* Minion.h */ = {isa = PBXFileReference; fileEncoding = 4; lastKnownFileType = sourcecode.c.h; path = Minion.h; sourceTree = "<group>"; };
		FE4E94FE191DC6BB00FE2AA1 /* Minion.m */ = {isa = PBXFileReference; fileEncoding = 4; lastKnownFileType = sourcecode.c.objc; path = Minion.m; sourceTree = "<group>"; };
		FE4E94FF191DC6BB00FE2AA1 /* Priest.h */ = {isa = PBXFileReference; fileEncoding = 4; lastKnownFileType = sourcecode.c.h; path = Priest.h; sourceTree = "<group>"; };
		FE4E9500191DC6BB00FE2AA1 /* Priest.m */ = {isa = PBXFileReference; fileEncoding = 4; lastKnownFileType = sourcecode.c.objc; path = Priest.m; sourceTree = "<group>"; };
		FE4E9501191DC6BB00FE2AA1 /* Role.h */ = {isa = PBXFileReference; fileEncoding = 4; lastKnownFileType = sourcecode.c.h; path = Role.h; sourceTree = "<group>"; };
		FE4E9502191DC6BB00FE2AA1 /* Role.m */ = {isa = PBXFileReference; fileEncoding = 4; lastKnownFileType = sourcecode.c.objc; path = Role.m; sourceTree = "<group>"; };
		FE4E9503191DC6BB00FE2AA1 /* Seer.h */ = {isa = PBXFileReference; fileEncoding = 4; lastKnownFileType = sourcecode.c.h; path = Seer.h; sourceTree = "<group>"; };
		FE4E9504191DC6BB00FE2AA1 /* Seer.m */ = {isa = PBXFileReference; fileEncoding = 4; lastKnownFileType = sourcecode.c.objc; path = Seer.m; sourceTree = "<group>"; };
		FE4E9505191DC6BB00FE2AA1 /* Vigilante.h */ = {isa = PBXFileReference; fileEncoding = 4; lastKnownFileType = sourcecode.c.h; path = Vigilante.h; sourceTree = "<group>"; };
		FE4E9506191DC6BB00FE2AA1 /* Vigilante.m */ = {isa = PBXFileReference; fileEncoding = 4; lastKnownFileType = sourcecode.c.objc; path = Vigilante.m; sourceTree = "<group>"; };
		FE4E9507191DC6BB00FE2AA1 /* Villager.h */ = {isa = PBXFileReference; fileEncoding = 4; lastKnownFileType = sourcecode.c.h; path = Villager.h; sourceTree = "<group>"; };
		FE4E9508191DC6BB00FE2AA1 /* Villager.m */ = {isa = PBXFileReference; fileEncoding = 4; lastKnownFileType = sourcecode.c.objc; path = Villager.m; sourceTree = "<group>"; };
		FE4E9509191DC6BB00FE2AA1 /* Werewolf.h */ = {isa = PBXFileReference; fileEncoding = 4; lastKnownFileType = sourcecode.c.h; path = Werewolf.h; sourceTree = "<group>"; };
		FE4E950A191DC6BB00FE2AA1 /* Werewolf.m */ = {isa = PBXFileReference; fileEncoding = 4; lastKnownFileType = sourcecode.c.objc; path = Werewolf.m; sourceTree = "<group>"; };
		FE77398A191C22AD0017A270 /* LLRulesViewController.h */ = {isa = PBXFileReference; fileEncoding = 4; lastKnownFileType = sourcecode.c.h; path = LLRulesViewController.h; sourceTree = "<group>"; };
		FE77398B191C22AD0017A270 /* LLRulesViewController.m */ = {isa = PBXFileReference; fileEncoding = 4; lastKnownFileType = sourcecode.c.objc; path = LLRulesViewController.m; sourceTree = "<group>"; };
		FE773990191C238A0017A270 /* LLLoadSetupViewController.h */ = {isa = PBXFileReference; fileEncoding = 4; lastKnownFileType = sourcecode.c.h; path = LLLoadSetupViewController.h; sourceTree = "<group>"; };
		FE773991191C238A0017A270 /* LLLoadSetupViewController.m */ = {isa = PBXFileReference; fileEncoding = 4; lastKnownFileType = sourcecode.c.objc; path = LLLoadSetupViewController.m; sourceTree = "<group>"; };
		FE773995191C2D840017A270 /* Model.xcdatamodel */ = {isa = PBXFileReference; lastKnownFileType = wrapper.xcdatamodel; path = Model.xcdatamodel; sourceTree = "<group>"; };
		FE773998191C5DFD0017A270 /* AppDelegate+CoreDataContext.h */ = {isa = PBXFileReference; fileEncoding = 4; lastKnownFileType = sourcecode.c.h; path = "AppDelegate+CoreDataContext.h"; sourceTree = "<group>"; };
		FE773999191C5DFD0017A270 /* AppDelegate+CoreDataContext.m */ = {isa = PBXFileReference; fileEncoding = 4; lastKnownFileType = sourcecode.c.objc; path = "AppDelegate+CoreDataContext.m"; sourceTree = "<group>"; };
/* End PBXFileReference section */

/* Begin PBXFrameworksBuildPhase section */
		FE48E907191C1FF500F892CD /* Frameworks */ = {
			isa = PBXFrameworksBuildPhase;
			buildActionMask = 2147483647;
			files = (
				FE48E910191C1FF500F892CD /* CoreGraphics.framework in Frameworks */,
				FE48E912191C1FF500F892CD /* UIKit.framework in Frameworks */,
				FE48E90E191C1FF500F892CD /* Foundation.framework in Frameworks */,
			);
			runOnlyForDeploymentPostprocessing = 0;
		};
		FE48E928191C1FF600F892CD /* Frameworks */ = {
			isa = PBXFrameworksBuildPhase;
			buildActionMask = 2147483647;
			files = (
				FE48E92D191C1FF600F892CD /* XCTest.framework in Frameworks */,
				FE48E92F191C1FF600F892CD /* UIKit.framework in Frameworks */,
				FE48E92E191C1FF600F892CD /* Foundation.framework in Frameworks */,
			);
			runOnlyForDeploymentPostprocessing = 0;
		};
/* End PBXFrameworksBuildPhase section */

/* Begin PBXGroup section */
		FE48E901191C1FF500F892CD = {
			isa = PBXGroup;
			children = (
				FE48E913191C1FF500F892CD /* Werewolf Companion */,
				FE48E952191C216A00F892CD /* Resources */,
				FE48E932191C1FF600F892CD /* Werewolf CompanionTests */,
				FE48E90C191C1FF500F892CD /* Frameworks */,
				FE48E90B191C1FF500F892CD /* Products */,
			);
			sourceTree = "<group>";
		};
		FE48E90B191C1FF500F892CD /* Products */ = {
			isa = PBXGroup;
			children = (
				FE48E90A191C1FF500F892CD /* Werewolf Companion.app */,
				FE48E92B191C1FF600F892CD /* Werewolf CompanionTests.xctest */,
			);
			name = Products;
			sourceTree = "<group>";
		};
		FE48E90C191C1FF500F892CD /* Frameworks */ = {
			isa = PBXGroup;
			children = (
				FE48E90D191C1FF500F892CD /* Foundation.framework */,
				FE48E90F191C1FF500F892CD /* CoreGraphics.framework */,
				FE48E911191C1FF500F892CD /* UIKit.framework */,
				FE48E92C191C1FF600F892CD /* XCTest.framework */,
			);
			name = Frameworks;
			sourceTree = "<group>";
		};
		FE48E913191C1FF500F892CD /* Werewolf Companion */ = {
			isa = PBXGroup;
			children = (
				FE48E91F191C1FF600F892CD /* Main.storyboard */,
				FE48E91C191C1FF600F892CD /* LLAppDelegate.h */,
				FE48E91D191C1FF600F892CD /* LLAppDelegate.m */,
				FE773993191C2D770017A270 /* Model */,
				FE48E953191C218100F892CD /* Main View Controllers */,
				FE77398E191C23500017A270 /* Game Setup View Controllers */,
				FE77398F191C23720017A270 /* Game View Controllers */,
				FE4E94CE191C6A0000FE2AA1 /* Data */,
				FE48E942191C20E700F892CD /* Third-Party Classes */,
				FE773997191C5DE10017A270 /* Categories */,
				FE48E914191C1FF500F892CD /* Supporting Files */,
			);
			path = "Werewolf Companion";
			sourceTree = "<group>";
		};
		FE48E914191C1FF500F892CD /* Supporting Files */ = {
			isa = PBXGroup;
			children = (
				FE48E915191C1FF500F892CD /* Werewolf Companion-Info.plist */,
				FE48E916191C1FF500F892CD /* InfoPlist.strings */,
				FE48E919191C1FF600F892CD /* main.m */,
				FE48E91B191C1FF600F892CD /* Werewolf Companion-Prefix.pch */,
			);
			name = "Supporting Files";
			sourceTree = "<group>";
		};
		FE48E932191C1FF600F892CD /* Werewolf CompanionTests */ = {
			isa = PBXGroup;
			children = (
				FE48E938191C1FF600F892CD /* Werewolf_CompanionTests.m */,
				FE48E933191C1FF600F892CD /* Supporting Files */,
			);
			path = "Werewolf CompanionTests";
			sourceTree = "<group>";
		};
		FE48E933191C1FF600F892CD /* Supporting Files */ = {
			isa = PBXGroup;
			children = (
				FE48E934191C1FF600F892CD /* Werewolf CompanionTests-Info.plist */,
				FE48E935191C1FF600F892CD /* InfoPlist.strings */,
			);
			name = "Supporting Files";
			sourceTree = "<group>";
		};
		FE48E942191C20E700F892CD /* Third-Party Classes */ = {
			isa = PBXGroup;
			children = (
				FE48E94C191C215C00F892CD /* CRBubble.h */,
				FE48E94D191C215C00F892CD /* CRBubble.m */,
				FE48E94E191C215C00F892CD /* CRProductTour.h */,
				FE48E94F191C215C00F892CD /* CRProductTour.m */,
				FE48E946191C214A00F892CD /* TTCounterLabel.h */,
				FE48E947191C214A00F892CD /* TTCounterLabel.m */,
				FE48E948191C214A00F892CD /* TTTAttributedLabel.h */,
				FE48E949191C214A00F892CD /* TTTAttributedLabel.m */,
				FE48E943191C212700F892CD /* iCarousel.h */,
				FE48E944191C212700F892CD /* iCarousel.m */,
			);
			name = "Third-Party Classes";
			sourceTree = "<group>";
		};
		FE48E952191C216A00F892CD /* Resources */ = {
			isa = PBXGroup;
			children = (
				FE48E925191C1FF600F892CD /* Images.xcassets */,
			);
			name = Resources;
			path = "Werewolf Companion";
			sourceTree = "<group>";
		};
		FE48E953191C218100F892CD /* Main View Controllers */ = {
			isa = PBXGroup;
			children = (
				FE48E954191C21B000F892CD /* LLMainViewController.h */,
				FE48E955191C21B000F892CD /* LLMainViewController.m */,
				FE48E95A191C226700F892CD /* LLSettingsViewController.h */,
				FE48E95B191C226700F892CD /* LLSettingsViewController.m */,
				FE48E957191C220A00F892CD /* LLTitleViewController.h */,
				FE48E958191C220A00F892CD /* LLTitleViewController.m */,
				FE77398A191C22AD0017A270 /* LLRulesViewController.h */,
				FE77398B191C22AD0017A270 /* LLRulesViewController.m */,
			);
			name = "Main View Controllers";
			sourceTree = "<group>";
		};
		FE4E94CE191C6A0000FE2AA1 /* Data */ = {
			isa = PBXGroup;
			children = (
				FE4E94CF191C6A1C00FE2AA1 /* LLConstants.h */,
				FE4E94D0191C6A1C00FE2AA1 /* LLConstants.m */,
			);
			name = Data;
			sourceTree = "<group>";
		};
		FE4E94DE191DAFE700FE2AA1 /* Core Data Model */ = {
			isa = PBXGroup;
			children = (
				FE773994191C2D840017A270 /* Model.xcdatamodeld */,
				FE4E94C2191C64D000FE2AA1 /* _GameSetup.h */,
				FE4E94C3191C64D000FE2AA1 /* _GameSetup.m */,
				FE4E94C4191C64D000FE2AA1 /* _Player.h */,
				FE4E94C5191C64D000FE2AA1 /* _Player.m */,
				FE4E94C6191C64D000FE2AA1 /* GameSetup.h */,
				FE4E94C7191C64D000FE2AA1 /* GameSetup.m */,
				FE4E94C8191C64D000FE2AA1 /* Player.h */,
				FE4E94C9191C64D000FE2AA1 /* Player.m */,
			);
			name = "Core Data Model";
			sourceTree = "<group>";
		};
		FE4E94EB191DBE8000FE2AA1 /* Views */ = {
			isa = PBXGroup;
			children = (
				FE4E94EC191DBE9000FE2AA1 /* LLAlphaView.h */,
				FE4E94ED191DBE9000FE2AA1 /* LLAlphaView.m */,
			);
			name = Views;
			sourceTree = "<group>";
		};
		FE4E94F8191DC69B00FE2AA1 /* Roles */ = {
			isa = PBXGroup;
			children = (
				FE4E9501191DC6BB00FE2AA1 /* Role.h */,
				FE4E9502191DC6BB00FE2AA1 /* Role.m */,
				FE4E94F9191DC6BB00FE2AA1 /* Assassin.h */,
				FE4E94FA191DC6BB00FE2AA1 /* Assassin.m */,
				FE4E94FB191DC6BB00FE2AA1 /* Hunter.h */,
				FE4E94FC191DC6BB00FE2AA1 /* Hunter.m */,
				FE4E94FD191DC6BB00FE2AA1 /* Minion.h */,
				FE4E94FE191DC6BB00FE2AA1 /* Minion.m */,
				FE4E94FF191DC6BB00FE2AA1 /* Priest.h */,
				FE4E9500191DC6BB00FE2AA1 /* Priest.m */,
				FE4E9503191DC6BB00FE2AA1 /* Seer.h */,
				FE4E9504191DC6BB00FE2AA1 /* Seer.m */,
				FE4E9505191DC6BB00FE2AA1 /* Vigilante.h */,
				FE4E9506191DC6BB00FE2AA1 /* Vigilante.m */,
				FE4E9507191DC6BB00FE2AA1 /* Villager.h */,
				FE4E9508191DC6BB00FE2AA1 /* Villager.m */,
				FE4E9509191DC6BB00FE2AA1 /* Werewolf.h */,
				FE4E950A191DC6BB00FE2AA1 /* Werewolf.m */,
			);
			name = Roles;
			sourceTree = "<group>";
		};
		FE77398E191C23500017A270 /* Game Setup View Controllers */ = {
			isa = PBXGroup;
			children = (
				FE773990191C238A0017A270 /* LLLoadSetupViewController.h */,
				FE773991191C238A0017A270 /* LLLoadSetupViewController.m */,
				FE4E94D2191D92D400FE2AA1 /* LLCreateGameViewController.h */,
				FE4E94D3191D92D400FE2AA1 /* LLCreateGameViewController.m */,
				FE4E94D5191D94E500FE2AA1 /* LLStepperTableViewCell.h */,
				FE4E94D6191D94E500FE2AA1 /* LLStepperTableViewCell.m */,
			);
			name = "Game Setup View Controllers";
			sourceTree = "<group>";
		};
		FE77398F191C23720017A270 /* Game View Controllers */ = {
			isa = PBXGroup;
			children = (
				FE4E94DB191DAF6100FE2AA1 /* LLGameViewController.h */,
				FE4E94DC191DAF6100FE2AA1 /* LLGameViewController.m */,
				FE4E94EF191DBF9600FE2AA1 /* LLCarouselController.h */,
				FE4E94F0191DBF9600FE2AA1 /* LLCarouselController.m */,
				FE4E94F5191DC1A200FE2AA1 /* LLTimerViewController.h */,
				FE4E94F6191DC1A200FE2AA1 /* LLTimerViewController.m */,
				FE4E94EB191DBE8000FE2AA1 /* Views */,
			);
			name = "Game View Controllers";
			sourceTree = "<group>";
		};
		FE773993191C2D770017A270 /* Model */ = {
			isa = PBXGroup;
			children = (
				FE4E94DF191DB00A00FE2AA1 /* Game.h */,
				FE4E94E0191DB00A00FE2AA1 /* Game.m */,
				FE4E94F8191DC69B00FE2AA1 /* Roles */,
				FE4E94DE191DAFE700FE2AA1 /* Core Data Model */,
			);
			name = Model;
			sourceTree = "<group>";
		};
		FE773997191C5DE10017A270 /* Categories */ = {
			isa = PBXGroup;
			children = (
				FE4E94E5191DBA7600FE2AA1 /* UIAlertView+Blocks.h */,
				FE4E94E6191DBA7600FE2AA1 /* UIAlertView+Blocks.m */,
				FE773998191C5DFD0017A270 /* AppDelegate+CoreDataContext.h */,
				FE773999191C5DFD0017A270 /* AppDelegate+CoreDataContext.m */,
				FE4E94D8191D9C1400FE2AA1 /* NSManagedObject+DeepCopying.h */,
				FE4E94D9191D9C1400FE2AA1 /* NSManagedObject+DeepCopying.m */,
			);
			name = Categories;
			sourceTree = "<group>";
		};
/* End PBXGroup section */

/* Begin PBXNativeTarget section */
		FE48E909191C1FF500F892CD /* Werewolf Companion */ = {
			isa = PBXNativeTarget;
			buildConfigurationList = FE48E93C191C1FF600F892CD /* Build configuration list for PBXNativeTarget "Werewolf Companion" */;
			buildPhases = (
				FE48E906191C1FF500F892CD /* Sources */,
				FE48E907191C1FF500F892CD /* Frameworks */,
				FE48E908191C1FF500F892CD /* Resources */,
			);
			buildRules = (
			);
			dependencies = (
				FE4E94C1191C619F00FE2AA1 /* PBXTargetDependency */,
			);
			name = "Werewolf Companion";
			productName = "Werewolf Companion";
			productReference = FE48E90A191C1FF500F892CD /* Werewolf Companion.app */;
			productType = "com.apple.product-type.application";
		};
		FE48E92A191C1FF600F892CD /* Werewolf CompanionTests */ = {
			isa = PBXNativeTarget;
			buildConfigurationList = FE48E93F191C1FF600F892CD /* Build configuration list for PBXNativeTarget "Werewolf CompanionTests" */;
			buildPhases = (
				FE48E927191C1FF600F892CD /* Sources */,
				FE48E928191C1FF600F892CD /* Frameworks */,
				FE48E929191C1FF600F892CD /* Resources */,
			);
			buildRules = (
			);
			dependencies = (
				FE48E931191C1FF600F892CD /* PBXTargetDependency */,
			);
			name = "Werewolf CompanionTests";
			productName = "Werewolf CompanionTests";
			productReference = FE48E92B191C1FF600F892CD /* Werewolf CompanionTests.xctest */;
			productType = "com.apple.product-type.bundle.unit-test";
		};
/* End PBXNativeTarget section */

/* Begin PBXProject section */
		FE48E902191C1FF500F892CD /* Project object */ = {
			isa = PBXProject;
			attributes = {
				CLASSPREFIX = LL;
				LastUpgradeCheck = 0510;
				ORGANIZATIONNAME = "Lauren Lee";
				TargetAttributes = {
					FE48E92A191C1FF600F892CD = {
						TestTargetID = FE48E909191C1FF500F892CD;
					};
				};
			};
			buildConfigurationList = FE48E905191C1FF500F892CD /* Build configuration list for PBXProject "Werewolf Companion" */;
			compatibilityVersion = "Xcode 3.2";
			developmentRegion = English;
			hasScannedForEncodings = 0;
			knownRegions = (
				en,
				Base,
			);
			mainGroup = FE48E901191C1FF500F892CD;
			productRefGroup = FE48E90B191C1FF500F892CD /* Products */;
			projectDirPath = "";
			projectRoot = "";
			targets = (
				FE48E909191C1FF500F892CD /* Werewolf Companion */,
				FE48E92A191C1FF600F892CD /* Werewolf CompanionTests */,
				FE77399B191C5F810017A270 /* Mogenerator */,
			);
		};
/* End PBXProject section */

/* Begin PBXResourcesBuildPhase section */
		FE48E908191C1FF500F892CD /* Resources */ = {
			isa = PBXResourcesBuildPhase;
			buildActionMask = 2147483647;
			files = (
				FE48E926191C1FF600F892CD /* Images.xcassets in Resources */,
				FE48E918191C1FF500F892CD /* InfoPlist.strings in Resources */,
				FE48E921191C1FF600F892CD /* Main.storyboard in Resources */,
			);
			runOnlyForDeploymentPostprocessing = 0;
		};
		FE48E929191C1FF600F892CD /* Resources */ = {
			isa = PBXResourcesBuildPhase;
			buildActionMask = 2147483647;
			files = (
				FE48E937191C1FF600F892CD /* InfoPlist.strings in Resources */,
			);
			runOnlyForDeploymentPostprocessing = 0;
		};
/* End PBXResourcesBuildPhase section */

/* Begin PBXShellScriptBuildPhase section */
		FE77399F191C5F9B0017A270 /* ShellScript */ = {
			isa = PBXShellScriptBuildPhase;
			buildActionMask = 2147483647;
			files = (
			);
			inputPaths = (
			);
			outputPaths = (
			);
			runOnlyForDeploymentPostprocessing = 0;
			shellPath = /bin/sh;
			shellScript = "/usr/local/bin/mogenerator -m Werewolf\\ Companion/Model.xcdatamodeld/Model.xcdatamodel -O Werewolf\\ Companion/Model --template-var arc=true";
		};
/* End PBXShellScriptBuildPhase section */

/* Begin PBXSourcesBuildPhase section */
		FE48E906191C1FF500F892CD /* Sources */ = {
			isa = PBXSourcesBuildPhase;
			buildActionMask = 2147483647;
			files = (
				FE4E94F1191DBF9600FE2AA1 /* LLCarouselController.m in Sources */,
				FE4E94CB191C64D000FE2AA1 /* _Player.m in Sources */,
				FE48E91E191C1FF600F892CD /* LLAppDelegate.m in Sources */,
				FE48E94A191C214A00F892CD /* TTCounterLabel.m in Sources */,
				FE4E950B191DC6BB00FE2AA1 /* Assassin.m in Sources */,
				FE4E94E1191DB00A00FE2AA1 /* Game.m in Sources */,
				FE4E94DA191D9C1400FE2AA1 /* NSManagedObject+DeepCopying.m in Sources */,
				FE48E951191C215C00F892CD /* CRProductTour.m in Sources */,
				FE48E945191C212700F892CD /* iCarousel.m in Sources */,
				FE48E91A191C1FF600F892CD /* main.m in Sources */,
				FE77399A191C5DFD0017A270 /* AppDelegate+CoreDataContext.m in Sources */,
				FE4E94F7191DC1A200FE2AA1 /* LLTimerViewController.m in Sources */,
				FE48E95C191C226700F892CD /* LLSettingsViewController.m in Sources */,
				FE4E94D4191D92D400FE2AA1 /* LLCreateGameViewController.m in Sources */,
				FE4E94DD191DAF6100FE2AA1 /* LLGameViewController.m in Sources */,
				FE4E9512191DC6BB00FE2AA1 /* Villager.m in Sources */,
				FE4E94E7191DBA7600FE2AA1 /* UIAlertView+Blocks.m in Sources */,
				FE48E950191C215C00F892CD /* CRBubble.m in Sources */,
				FE77398C191C22AD0017A270 /* LLRulesViewController.m in Sources */,
				FE4E9510191DC6BB00FE2AA1 /* Seer.m in Sources */,
				FE4E94D1191C6A1C00FE2AA1 /* LLConstants.m in Sources */,
				FE4E950C191DC6BB00FE2AA1 /* Hunter.m in Sources */,
				FE48E959191C220A00F892CD /* LLTitleViewController.m in Sources */,
				FE4E950D191DC6BB00FE2AA1 /* Minion.m in Sources */,
				FE48E94B191C214A00F892CD /* TTTAttributedLabel.m in Sources */,
				FE4E950F191DC6BB00FE2AA1 /* Role.m in Sources */,
				FE4E9513191DC6BB00FE2AA1 /* Werewolf.m in Sources */,
				FE4E9511191DC6BB00FE2AA1 /* Vigilante.m in Sources */,
				FE773992191C238A0017A270 /* LLLoadSetupViewController.m in Sources */,
				FE773996191C2D840017A270 /* Model.xcdatamodeld in Sources */,
				FE48E956191C21B000F892CD /* LLMainViewController.m in Sources */,
				FE4E950E191DC6BB00FE2AA1 /* Priest.m in Sources */,
				FE4E94CA191C64D000FE2AA1 /* _GameSetup.m in Sources */,
				FE4E94D7191D94E500FE2AA1 /* LLStepperTableViewCell.m in Sources */,
				FE4E94CD191C64D000FE2AA1 /* Player.m in Sources */,
				FE4E94CC191C64D000FE2AA1 /* GameSetup.m in Sources */,
				FE4E94EE191DBE9000FE2AA1 /* LLAlphaView.m in Sources */,
			);
			runOnlyForDeploymentPostprocessing = 0;
		};
		FE48E927191C1FF600F892CD /* Sources */ = {
			isa = PBXSourcesBuildPhase;
			buildActionMask = 2147483647;
			files = (
				FE48E939191C1FF600F892CD /* Werewolf_CompanionTests.m in Sources */,
			);
			runOnlyForDeploymentPostprocessing = 0;
		};
/* End PBXSourcesBuildPhase section */

/* Begin PBXTargetDependency section */
		FE48E931191C1FF600F892CD /* PBXTargetDependency */ = {
			isa = PBXTargetDependency;
			target = FE48E909191C1FF500F892CD /* Werewolf Companion */;
			targetProxy = FE48E930191C1FF600F892CD /* PBXContainerItemProxy */;
		};
		FE4E94C1191C619F00FE2AA1 /* PBXTargetDependency */ = {
			isa = PBXTargetDependency;
			target = FE77399B191C5F810017A270 /* Mogenerator */;
			targetProxy = FE4E94C0191C619F00FE2AA1 /* PBXContainerItemProxy */;
		};
/* End PBXTargetDependency section */

/* Begin PBXVariantGroup section */
		FE48E916191C1FF500F892CD /* InfoPlist.strings */ = {
			isa = PBXVariantGroup;
			children = (
				FE48E917191C1FF500F892CD /* en */,
			);
			name = InfoPlist.strings;
			sourceTree = "<group>";
		};
		FE48E91F191C1FF600F892CD /* Main.storyboard */ = {
			isa = PBXVariantGroup;
			children = (
				FE48E920191C1FF600F892CD /* Base */,
			);
			name = Main.storyboard;
			sourceTree = "<group>";
		};
		FE48E935191C1FF600F892CD /* InfoPlist.strings */ = {
			isa = PBXVariantGroup;
			children = (
				FE48E936191C1FF600F892CD /* en */,
			);
			name = InfoPlist.strings;
			sourceTree = "<group>";
		};
/* End PBXVariantGroup section */

/* Begin XCBuildConfiguration section */
		FE48E93A191C1FF600F892CD /* Debug */ = {
			isa = XCBuildConfiguration;
			buildSettings = {
				ALWAYS_SEARCH_USER_PATHS = NO;
				CLANG_CXX_LANGUAGE_STANDARD = "gnu++0x";
				CLANG_CXX_LIBRARY = "libc++";
				CLANG_ENABLE_MODULES = YES;
				CLANG_ENABLE_OBJC_ARC = YES;
				CLANG_WARN_BOOL_CONVERSION = YES;
				CLANG_WARN_CONSTANT_CONVERSION = YES;
				CLANG_WARN_DIRECT_OBJC_ISA_USAGE = YES_ERROR;
				CLANG_WARN_EMPTY_BODY = YES;
				CLANG_WARN_ENUM_CONVERSION = YES;
				CLANG_WARN_INT_CONVERSION = YES;
				CLANG_WARN_OBJC_ROOT_CLASS = YES_ERROR;
				CLANG_WARN__DUPLICATE_METHOD_MATCH = YES;
				"CODE_SIGN_IDENTITY[sdk=iphoneos*]" = "iPhone Developer";
				COPY_PHASE_STRIP = NO;
				GCC_C_LANGUAGE_STANDARD = gnu99;
				GCC_DYNAMIC_NO_PIC = NO;
				GCC_OPTIMIZATION_LEVEL = 0;
				GCC_PREPROCESSOR_DEFINITIONS = (
					"DEBUG=1",
					"$(inherited)",
				);
				GCC_SYMBOLS_PRIVATE_EXTERN = NO;
				GCC_WARN_64_TO_32_BIT_CONVERSION = YES;
				GCC_WARN_ABOUT_RETURN_TYPE = YES_ERROR;
				GCC_WARN_UNDECLARED_SELECTOR = YES;
				GCC_WARN_UNINITIALIZED_AUTOS = YES_AGGRESSIVE;
				GCC_WARN_UNUSED_FUNCTION = YES;
				GCC_WARN_UNUSED_VARIABLE = YES;
				IPHONEOS_DEPLOYMENT_TARGET = 7.1;
				ONLY_ACTIVE_ARCH = YES;
				SDKROOT = iphoneos;
			};
			name = Debug;
		};
		FE48E93B191C1FF600F892CD /* Release */ = {
			isa = XCBuildConfiguration;
			buildSettings = {
				ALWAYS_SEARCH_USER_PATHS = NO;
				CLANG_CXX_LANGUAGE_STANDARD = "gnu++0x";
				CLANG_CXX_LIBRARY = "libc++";
				CLANG_ENABLE_MODULES = YES;
				CLANG_ENABLE_OBJC_ARC = YES;
				CLANG_WARN_BOOL_CONVERSION = YES;
				CLANG_WARN_CONSTANT_CONVERSION = YES;
				CLANG_WARN_DIRECT_OBJC_ISA_USAGE = YES_ERROR;
				CLANG_WARN_EMPTY_BODY = YES;
				CLANG_WARN_ENUM_CONVERSION = YES;
				CLANG_WARN_INT_CONVERSION = YES;
				CLANG_WARN_OBJC_ROOT_CLASS = YES_ERROR;
				CLANG_WARN__DUPLICATE_METHOD_MATCH = YES;
				"CODE_SIGN_IDENTITY[sdk=iphoneos*]" = "iPhone Developer";
				COPY_PHASE_STRIP = YES;
				ENABLE_NS_ASSERTIONS = NO;
				GCC_C_LANGUAGE_STANDARD = gnu99;
				GCC_WARN_64_TO_32_BIT_CONVERSION = YES;
				GCC_WARN_ABOUT_RETURN_TYPE = YES_ERROR;
				GCC_WARN_UNDECLARED_SELECTOR = YES;
				GCC_WARN_UNINITIALIZED_AUTOS = YES_AGGRESSIVE;
				GCC_WARN_UNUSED_FUNCTION = YES;
				GCC_WARN_UNUSED_VARIABLE = YES;
				IPHONEOS_DEPLOYMENT_TARGET = 7.1;
				SDKROOT = iphoneos;
				VALIDATE_PRODUCT = YES;
			};
			name = Release;
		};
		FE48E93D191C1FF600F892CD /* Debug */ = {
			isa = XCBuildConfiguration;
			buildSettings = {
				ASSETCATALOG_COMPILER_APPICON_NAME = AppIcon;
				ASSETCATALOG_COMPILER_LAUNCHIMAGE_NAME = LaunchImage;
				GCC_PRECOMPILE_PREFIX_HEADER = YES;
				GCC_PREFIX_HEADER = "Werewolf Companion/Werewolf Companion-Prefix.pch";
				INFOPLIST_FILE = "Werewolf Companion/Werewolf Companion-Info.plist";
				PRODUCT_NAME = "$(TARGET_NAME)";
				WRAPPER_EXTENSION = app;
			};
			name = Debug;
		};
		FE48E93E191C1FF600F892CD /* Release */ = {
			isa = XCBuildConfiguration;
			buildSettings = {
				ASSETCATALOG_COMPILER_APPICON_NAME = AppIcon;
				ASSETCATALOG_COMPILER_LAUNCHIMAGE_NAME = LaunchImage;
				GCC_PRECOMPILE_PREFIX_HEADER = YES;
				GCC_PREFIX_HEADER = "Werewolf Companion/Werewolf Companion-Prefix.pch";
				INFOPLIST_FILE = "Werewolf Companion/Werewolf Companion-Info.plist";
				PRODUCT_NAME = "$(TARGET_NAME)";
				WRAPPER_EXTENSION = app;
			};
			name = Release;
		};
		FE48E940191C1FF600F892CD /* Debug */ = {
			isa = XCBuildConfiguration;
			buildSettings = {
				BUNDLE_LOADER = "$(BUILT_PRODUCTS_DIR)/Werewolf Companion.app/Werewolf Companion";
				FRAMEWORK_SEARCH_PATHS = (
					"$(SDKROOT)/Developer/Library/Frameworks",
					"$(inherited)",
					"$(DEVELOPER_FRAMEWORKS_DIR)",
				);
				GCC_PRECOMPILE_PREFIX_HEADER = YES;
				GCC_PREFIX_HEADER = "Werewolf Companion/Werewolf Companion-Prefix.pch";
				GCC_PREPROCESSOR_DEFINITIONS = (
					"DEBUG=1",
					"$(inherited)",
				);
				INFOPLIST_FILE = "Werewolf CompanionTests/Werewolf CompanionTests-Info.plist";
				PRODUCT_NAME = "$(TARGET_NAME)";
				TEST_HOST = "$(BUNDLE_LOADER)";
				WRAPPER_EXTENSION = xctest;
			};
			name = Debug;
		};
		FE48E941191C1FF600F892CD /* Release */ = {
			isa = XCBuildConfiguration;
			buildSettings = {
				BUNDLE_LOADER = "$(BUILT_PRODUCTS_DIR)/Werewolf Companion.app/Werewolf Companion";
				FRAMEWORK_SEARCH_PATHS = (
					"$(SDKROOT)/Developer/Library/Frameworks",
					"$(inherited)",
					"$(DEVELOPER_FRAMEWORKS_DIR)",
				);
				GCC_PRECOMPILE_PREFIX_HEADER = YES;
				GCC_PREFIX_HEADER = "Werewolf Companion/Werewolf Companion-Prefix.pch";
				INFOPLIST_FILE = "Werewolf CompanionTests/Werewolf CompanionTests-Info.plist";
				PRODUCT_NAME = "$(TARGET_NAME)";
				TEST_HOST = "$(BUNDLE_LOADER)";
				WRAPPER_EXTENSION = xctest;
			};
			name = Release;
		};
		FE77399D191C5F810017A270 /* Debug */ = {
			isa = XCBuildConfiguration;
			buildSettings = {
				PRODUCT_NAME = "$(TARGET_NAME)";
			};
			name = Debug;
		};
		FE77399E191C5F810017A270 /* Release */ = {
			isa = XCBuildConfiguration;
			buildSettings = {
				PRODUCT_NAME = "$(TARGET_NAME)";
			};
			name = Release;
		};
/* End XCBuildConfiguration section */

/* Begin XCConfigurationList section */
		FE48E905191C1FF500F892CD /* Build configuration list for PBXProject "Werewolf Companion" */ = {
			isa = XCConfigurationList;
			buildConfigurations = (
				FE48E93A191C1FF600F892CD /* Debug */,
				FE48E93B191C1FF600F892CD /* Release */,
			);
			defaultConfigurationIsVisible = 0;
			defaultConfigurationName = Release;
		};
		FE48E93C191C1FF600F892CD /* Build configuration list for PBXNativeTarget "Werewolf Companion" */ = {
			isa = XCConfigurationList;
			buildConfigurations = (
				FE48E93D191C1FF600F892CD /* Debug */,
				FE48E93E191C1FF600F892CD /* Release */,
			);
			defaultConfigurationIsVisible = 0;
			defaultConfigurationName = Release;
		};
		FE48E93F191C1FF600F892CD /* Build configuration list for PBXNativeTarget "Werewolf CompanionTests" */ = {
			isa = XCConfigurationList;
			buildConfigurations = (
				FE48E940191C1FF600F892CD /* Debug */,
				FE48E941191C1FF600F892CD /* Release */,
			);
			defaultConfigurationIsVisible = 0;
			defaultConfigurationName = Release;
		};
		FE77399C191C5F810017A270 /* Build configuration list for PBXAggregateTarget "Mogenerator" */ = {
			isa = XCConfigurationList;
			buildConfigurations = (
				FE77399D191C5F810017A270 /* Debug */,
				FE77399E191C5F810017A270 /* Release */,
			);
			defaultConfigurationIsVisible = 0;
			defaultConfigurationName = Release;
		};
/* End XCConfigurationList section */

/* Begin XCVersionGroup section */
		FE773994191C2D840017A270 /* Model.xcdatamodeld */ = {
			isa = XCVersionGroup;
			children = (
				FE773995191C2D840017A270 /* Model.xcdatamodel */,
			);
			currentVersion = FE773995191C2D840017A270 /* Model.xcdatamodel */;
			path = Model.xcdatamodeld;
			sourceTree = "<group>";
			versionGroupType = wrapper.xcdatamodel;
		};
/* End XCVersionGroup section */
	};
	rootObject = FE48E902191C1FF500F892CD /* Project object */;
}
